{
  "name": "smart-subtitles",
  "version": "1.0.0",
  "lockfileVersion": 3,
  "requires": true,
  "packages": {
    "": {
      "name": "smart-subtitles",
      "version": "1.0.0",
      "license": "MIT",
      "dependencies": {
        "node-snowball": "^0.8.0",
        "snowball": "^0.3.1"
      },
      "devDependencies": {
        "@types/node": "^20.8.10",
        "typescript": "^5.0.0"
      }
    },
    "node_modules/@types/node": {
      "version": "20.8.10",
      "resolved": "https://registry.npmjs.org/@types/node/-/node-20.8.10.tgz",
      "integrity": "sha512-TlgT8JntpcbmKUFzjhsyhGfP2fsiz1Mv56im6enJ905xG1DAYesxJaeSbGqQmAw8OWPdhyJGhGSQGKRNJ45u9w==",
      "dev": true,
      "license": "MIT",
      "dependencies": {
        "undici-types": "~5.26.4"
      }
    },
    "node_modules/nan": {
      "version": "2.23.0",
      "resolved": "https://registry.npmjs.org/nan/-/nan-2.23.0.tgz",
      "integrity": "sha512-1UxuyYGdoQHcGg87Lkqm3FzefucTa0NAiOcuRsDmysep3c1LVCRK2krrUDafMWtjSG04htvAmvg96+SDknOmgQ==",
      "license": "MIT"
    },
    "node_modules/node-snowball": {
      "version": "0.8.0",
      "resolved": "https://registry.npmjs.org/node-snowball/-/node-snowball-0.8.0.tgz",
      "integrity": "sha512-Eew1ruT55ZPT7hYKJojdDAAAT+mTWrBT1WC6s/qeHPwFmZ2trjY/Tzm63QfE/RPrJgchOvnQYYosD9lf41SdfA==",
      "hasInstallScript": true,
      "license": "MIT",
      "dependencies": {
        "nan": "^2.22.2"
      },
      "engines": {
        "node": ">=18.0.0"
      }
    },
    "node_modules/snowball": {
      "version": "0.3.1",
      "resolved": "https://registry.npmjs.org/snowball/-/snowball-0.3.1.tgz",
      "integrity": "sha512-mCgdHVUCYV2W67Wm75phNERUQ01a6k1Rbjm3l2wF3QWVaxLxf2Iu3Jm3nWlZW3S6g0SdQcn9AEsnhgBoplw+3g==",
      "engines": {
        "node": ">=0"
      }
    },
    "node_modules/typescript": {
      "version": "5.8.3",
      "resolved": "https://registry.npmjs.org/typescript/-/typescript-5.8.3.tgz",
      "integrity": "sha512-p1diW6TqL9L07nNxvRMM7hMMw4c5XOo/1ibL4aAIGmSAt9slTE1Xgw5KWuof2uTOvCg9BY7ZRi+GaF+7sfgPeQ==",
      "dev": true,
      "license": "Apache-2.0",
      "bin": {
        "tsc": "bin/tsc",
        "tsserver": "bin/tsserver"
      },
      "engines": {
        "node": ">=14.17"
      }
    },
    "node_modules/undici-types": {
      "version": "5.26.5",
      "resolved": "https://registry.npmjs.org/undici-types/-/undici-types-5.26.5.tgz",
      "integrity": "sha512-JlCMO+ehdEIKqlFxk6IfVoAUVmgz7cU7zD/h9XZ0qzeosSHmUJVOzSQvvYSYWXkFXC+IfLKSIffhv0sVZup6pA==",
      "dev": true,
      "license": "MIT"
    }
  }
}
